
Microsoft Visual Studio Solution File, Format Version 12.00
# Visual Studio Version 17
VisualStudioVersion = 17.2.32616.157
MinimumVisualStudioVersion = 10.0.40219.1
Project("{8BC9CEB8-8B4A-11D0-8D11-00A0C91BC942}") = "2022_7_1", "2022_7_1.vcxproj", "{2ABCBEBC-5E59-4DFA-B91F-ABFD46CB6FFB}"
EndProject
Global
	GlobalSection(SolutionConfigurationPlatforms) = preSolution
		Debug|x64 = Debug|x64
		Debug|x86 = Debug|x86
		Release|x64 = Release|x64
		Release|x86 = Release|x86
	EndGlobalSection
	GlobalSection(ProjectConfigurationPlatforms) = postSolution
		{2ABCBEBC-5E59-4DFA-B91F-ABFD46CB6FFB}.Debug|x64.ActiveCfg = Debug|x64
		{2ABCBEBC-5E59-4DFA-B91F-ABFD46CB6FFB}.Debug|x64.Build.0 = Debug|x64
		{2ABCBEBC-5E59-4DFA-B91F-ABFD46CB6FFB}.Debug|x86.ActiveCfg = Debug|Win32
		{2ABCBEBC-5E59-4DFA-B91F-ABFD46CB6FFB}.Debug|x86.Build.0 = Debug|Win32
		{2ABCBEBC-5E59-4DFA-B91F-ABFD46CB6FFB}.Release|x64.ActiveCfg = Release|x64
		{2ABCBEBC-5E59-4DFA-B91F-ABFD46CB6FFB}.Release|x64.Build.0 = Release|x64
		{2ABCBEBC-5E59-4DFA-B91F-ABFD46CB6FFB}.Release|x86.ActiveCfg = Release|Win32
		{2ABCBEBC-5E59-4DFA-B91F-ABFD46CB6FFB}.Release|x86.Build.0 = Release|Win32
	EndGlobalSection
	GlobalSection(SolutionProperties) = preSolution
		HideSolutionNode = FALSE
	EndGlobalSection
	GlobalSection(ExtensibilityGlobals) = postSolution
		SolutionGuid = {82D5CCF2-AC5B-47FB-BCDA-6470BBE8251E}
	EndGlobalSection
EndGlobal
